
Microsoft Visual Studio Solution File, Format Version 12.00
# Visual Studio 15
VisualStudioVersion = 15.0.28307.489
MinimumVisualStudioVersion = 10.0.40219.1
Project("{FAE04EC0-301F-11D3-BF4B-00C04F79EFBC}") = "ActionResultsApp", "ActionResultsApp\ActionResultsApp.csproj", "{6C4A85A1-CACC-44EA-9AD1-E9D9B95215DA}"
EndProject
Global
	GlobalSection(SolutionConfigurationPlatforms) = preSolution
		Debug|Any CPU = Debug|Any CPU
		Release|Any CPU = Release|Any CPU
	EndGlobalSection
	GlobalSection(ProjectConfigurationPlatforms) = postSolution
		{6C4A85A1-CACC-44EA-9AD1-E9D9B95215DA}.Debug|Any CPU.ActiveCfg = Debug|Any CPU
		{6C4A85A1-CACC-44EA-9AD1-E9D9B95215DA}.Debug|Any CPU.Build.0 = Debug|Any CPU
		{6C4A85A1-CACC-44EA-9AD1-E9D9B95215DA}.Release|Any CPU.ActiveCfg = Release|Any CPU
		{6C4A85A1-CACC-44EA-9AD1-E9D9B95215DA}.Release|Any CPU.Build.0 = Release|Any CPU
	EndGlobalSection
	GlobalSection(SolutionProperties) = preSolution
		HideSolutionNode = FALSE
	EndGlobalSection
	GlobalSection(ExtensibilityGlobals) = postSolution
		SolutionGuid = {38B7F903-5F9E-409F-AD89-1774E3CCA76F}
	EndGlobalSection
EndGlobal
