
Microsoft Visual Studio Solution File, Format Version 12.00
# Visual Studio 15
VisualStudioVersion = 15.0.28307.489
MinimumVisualStudioVersion = 10.0.40219.1
Project("{FAE04EC0-301F-11D3-BF4B-00C04F79EFBC}") = "VedioRental", "VedioRental\VedioRental.csproj", "{58DF7F8E-F886-4F30-9268-85306C70583E}"
EndProject
Global
	GlobalSection(SolutionConfigurationPlatforms) = preSolution
		Debug|Any CPU = Debug|Any CPU
		Release|Any CPU = Release|Any CPU
	EndGlobalSection
	GlobalSection(ProjectConfigurationPlatforms) = postSolution
		{58DF7F8E-F886-4F30-9268-85306C70583E}.Debug|Any CPU.ActiveCfg = Debug|Any CPU
		{58DF7F8E-F886-4F30-9268-85306C70583E}.Debug|Any CPU.Build.0 = Debug|Any CPU
		{58DF7F8E-F886-4F30-9268-85306C70583E}.Release|Any CPU.ActiveCfg = Release|Any CPU
		{58DF7F8E-F886-4F30-9268-85306C70583E}.Release|Any CPU.Build.0 = Release|Any CPU
	EndGlobalSection
	GlobalSection(SolutionProperties) = preSolution
		HideSolutionNode = FALSE
	EndGlobalSection
	GlobalSection(ExtensibilityGlobals) = postSolution
		SolutionGuid = {962BDFCC-40AE-4EA1-B77D-A4712052C173}
	EndGlobalSection
EndGlobal
