
Microsoft Visual Studio Solution File, Format Version 12.00
# Visual Studio 15
VisualStudioVersion = 15.0.28307.489
MinimumVisualStudioVersion = 10.0.40219.1
Project("{FAE04EC0-301F-11D3-BF4B-00C04F79EFBC}") = "PartialViewExercise", "PartialViewExercise\PartialViewExercise.csproj", "{9EFF4711-F12C-4151-AC7D-FD191BE96F42}"
EndProject
Project("{FAE04EC0-301F-11D3-BF4B-00C04F79EFBC}") = "PartialViewExercise.Tests", "PartialViewExercise.Tests\PartialViewExercise.Tests.csproj", "{C16490B5-CE68-4AFB-9E97-485E36AAECA3}"
EndProject
Global
	GlobalSection(SolutionConfigurationPlatforms) = preSolution
		Debug|Any CPU = Debug|Any CPU
		Release|Any CPU = Release|Any CPU
	EndGlobalSection
	GlobalSection(ProjectConfigurationPlatforms) = postSolution
		{9EFF4711-F12C-4151-AC7D-FD191BE96F42}.Debug|Any CPU.ActiveCfg = Debug|Any CPU
		{9EFF4711-F12C-4151-AC7D-FD191BE96F42}.Debug|Any CPU.Build.0 = Debug|Any CPU
		{9EFF4711-F12C-4151-AC7D-FD191BE96F42}.Release|Any CPU.ActiveCfg = Release|Any CPU
		{9EFF4711-F12C-4151-AC7D-FD191BE96F42}.Release|Any CPU.Build.0 = Release|Any CPU
		{C16490B5-CE68-4AFB-9E97-485E36AAECA3}.Debug|Any CPU.ActiveCfg = Debug|Any CPU
		{C16490B5-CE68-4AFB-9E97-485E36AAECA3}.Debug|Any CPU.Build.0 = Debug|Any CPU
		{C16490B5-CE68-4AFB-9E97-485E36AAECA3}.Release|Any CPU.ActiveCfg = Release|Any CPU
		{C16490B5-CE68-4AFB-9E97-485E36AAECA3}.Release|Any CPU.Build.0 = Release|Any CPU
	EndGlobalSection
	GlobalSection(SolutionProperties) = preSolution
		HideSolutionNode = FALSE
	EndGlobalSection
	GlobalSection(ExtensibilityGlobals) = postSolution
		SolutionGuid = {04468C9F-7346-47D7-98C5-6C71EAD98F6A}
	EndGlobalSection
EndGlobal
